
Microsoft Visual Studio Solution File, Format Version 12.00
# Visual Studio Version 17
VisualStudioVersion = 17.9.34728.123
MinimumVisualStudioVersion = 10.0.40219.1
Project("{FAE04EC0-301F-11D3-BF4B-00C04F79EFBC}") = "MathQuiz_DB", "MathQuiz_DB\MathQuiz_DB.csproj", "{4C7F4E93-4238-4F0E-9436-A77697CC151B}"
EndProject
Global
	GlobalSection(SolutionConfigurationPlatforms) = preSolution
		Debug|Any CPU = Debug|Any CPU
		Release|Any CPU = Release|Any CPU
	EndGlobalSection
	GlobalSection(ProjectConfigurationPlatforms) = postSolution
		{4C7F4E93-4238-4F0E-9436-A77697CC151B}.Debug|Any CPU.ActiveCfg = Debug|Any CPU
		{4C7F4E93-4238-4F0E-9436-A77697CC151B}.Debug|Any CPU.Build.0 = Debug|Any CPU
		{4C7F4E93-4238-4F0E-9436-A77697CC151B}.Release|Any CPU.ActiveCfg = Release|Any CPU
		{4C7F4E93-4238-4F0E-9436-A77697CC151B}.Release|Any CPU.Build.0 = Release|Any CPU
	EndGlobalSection
	GlobalSection(SolutionProperties) = preSolution
		HideSolutionNode = FALSE
	EndGlobalSection
	GlobalSection(ExtensibilityGlobals) = postSolution
		SolutionGuid = {D2521388-FA68-460B-BEFE-15C6350F95B1}
	EndGlobalSection
EndGlobal
