
Microsoft Visual Studio Solution File, Format Version 12.00
# Visual Studio Version 17
VisualStudioVersion = 17.9.34728.123
MinimumVisualStudioVersion = 10.0.40219.1
Project("{FAE04EC0-301F-11D3-BF4B-00C04F79EFBC}") = "MyFirstConsoleApplication", "MyFirstConsoleApplication\MyFirstConsoleApplication.csproj", "{BCAE6DA2-DAA4-4933-A12C-F19BFACB9E79}"
EndProject
Global
	GlobalSection(SolutionConfigurationPlatforms) = preSolution
		Debug|Any CPU = Debug|Any CPU
		Release|Any CPU = Release|Any CPU
	EndGlobalSection
	GlobalSection(ProjectConfigurationPlatforms) = postSolution
		{BCAE6DA2-DAA4-4933-A12C-F19BFACB9E79}.Debug|Any CPU.ActiveCfg = Debug|Any CPU
		{BCAE6DA2-DAA4-4933-A12C-F19BFACB9E79}.Debug|Any CPU.Build.0 = Debug|Any CPU
		{BCAE6DA2-DAA4-4933-A12C-F19BFACB9E79}.Release|Any CPU.ActiveCfg = Release|Any CPU
		{BCAE6DA2-DAA4-4933-A12C-F19BFACB9E79}.Release|Any CPU.Build.0 = Release|Any CPU
	EndGlobalSection
	GlobalSection(SolutionProperties) = preSolution
		HideSolutionNode = FALSE
	EndGlobalSection
	GlobalSection(ExtensibilityGlobals) = postSolution
		SolutionGuid = {39DE6FAD-8875-49A8-BBBD-9E39CA4121A0}
	EndGlobalSection
EndGlobal
